
Microsoft Visual Studio Solution File, Format Version 12.00
# Visual Studio Version 16
VisualStudioVersion = 16.0.30204.135
MinimumVisualStudioVersion = 10.0.40219.1
Project("{E24C65DC-7377-472B-9ABA-BC803B73C61A}") = "Minimal", "Minimal", "{93069FC3-CC0D-4C3F-8F8E-759E2177DE72}"
	ProjectSection(WebsiteProperties) = preProject
		TargetFrameworkMoniker = ".NETFramework,Version%3Dv4.8"
		Debug.AspNetCompiler.VirtualPath = "/localhost_16593"
		Debug.AspNetCompiler.PhysicalPath = "Minimal\"
		Debug.AspNetCompiler.TargetPath = "PrecompiledWeb\localhost_16593\"
		Debug.AspNetCompiler.Updateable = "true"
		Debug.AspNetCompiler.ForceOverwrite = "true"
		Debug.AspNetCompiler.FixedNames = "false"
		Debug.AspNetCompiler.Debug = "True"
		Release.AspNetCompiler.VirtualPath = "/localhost_16593"
		Release.AspNetCompiler.PhysicalPath = "Minimal\"
		Release.AspNetCompiler.TargetPath = "PrecompiledWeb\localhost_16593\"
		Release.AspNetCompiler.Updateable = "true"
		Release.AspNetCompiler.ForceOverwrite = "true"
		Release.AspNetCompiler.FixedNames = "false"
		Release.AspNetCompiler.Debug = "False"
		VWDPort = "16593"
		SlnRelativePath = "Minimal\"
		DefaultWebSiteLanguage = "Visual C#"
	EndProjectSection
EndProject
Global
	GlobalSection(SolutionConfigurationPlatforms) = preSolution
		Debug|Any CPU = Debug|Any CPU
	EndGlobalSection
	GlobalSection(ProjectConfigurationPlatforms) = postSolution
		{93069FC3-CC0D-4C3F-8F8E-759E2177DE72}.Debug|Any CPU.ActiveCfg = Debug|Any CPU
		{93069FC3-CC0D-4C3F-8F8E-759E2177DE72}.Debug|Any CPU.Build.0 = Debug|Any CPU
	EndGlobalSection
	GlobalSection(SolutionProperties) = preSolution
		HideSolutionNode = FALSE
	EndGlobalSection
	GlobalSection(ExtensibilityGlobals) = postSolution
		SolutionGuid = {F53FCBE6-9948-4446-B6A4-22584507291C}
	EndGlobalSection
EndGlobal
