
Microsoft Visual Studio Solution File, Format Version 12.00
# Visual Studio 2013
VisualStudioVersion = 12.0.40629.0
MinimumVisualStudioVersion = 10.0.40219.1
Project("{FAE04EC0-301F-11D3-BF4B-00C04F79EFBC}") = "SIGOPLAN", "SIGOPLAN\SIGOPLAN.csproj", "{33BEB7A6-CCB6-4E93-B41E-4FAE5FD450EE}"
EndProject
Project("{FAE04EC0-301F-11D3-BF4B-00C04F79EFBC}") = "Core", "Core\Core.csproj", "{5866626E-2EFD-485A-A762-48DF0CDE8DA4}"
EndProject
Project("{FAE04EC0-301F-11D3-BF4B-00C04F79EFBC}") = "Data", "Data\Data.csproj", "{A02BEFFA-4B56-4EEE-9DC9-EDB686986F20}"
EndProject
Project("{FAE04EC0-301F-11D3-BF4B-00C04F79EFBC}") = "Infrastructure", "Infrastructure\Infrastructure.csproj", "{97FFDABE-C3FF-4058-80DF-9536F6F38B96}"
EndProject
Project("{FAE04EC0-301F-11D3-BF4B-00C04F79EFBC}") = "Reportes", "Reportes\Reportes.csproj", "{777B96DF-5CA5-4743-9A79-B417C55340C2}"
EndProject
Global
	GlobalSection(SolutionConfigurationPlatforms) = preSolution
		Arrendadora|Any CPU = Arrendadora|Any CPU
		Construplan|Any CPU = Construplan|Any CPU
		Debug|Any CPU = Debug|Any CPU
		Release|Any CPU = Release|Any CPU
	EndGlobalSection
	GlobalSection(ProjectConfigurationPlatforms) = postSolution
		{33BEB7A6-CCB6-4E93-B41E-4FAE5FD450EE}.Arrendadora|Any CPU.ActiveCfg = Arrendadora|Any CPU
		{33BEB7A6-CCB6-4E93-B41E-4FAE5FD450EE}.Arrendadora|Any CPU.Build.0 = Arrendadora|Any CPU
		{33BEB7A6-CCB6-4E93-B41E-4FAE5FD450EE}.Construplan|Any CPU.ActiveCfg = Construplan|Any CPU
		{33BEB7A6-CCB6-4E93-B41E-4FAE5FD450EE}.Construplan|Any CPU.Build.0 = Construplan|Any CPU
		{33BEB7A6-CCB6-4E93-B41E-4FAE5FD450EE}.Debug|Any CPU.ActiveCfg = Debug|Any CPU
		{33BEB7A6-CCB6-4E93-B41E-4FAE5FD450EE}.Debug|Any CPU.Build.0 = Debug|Any CPU
		{33BEB7A6-CCB6-4E93-B41E-4FAE5FD450EE}.Release|Any CPU.ActiveCfg = Release|Any CPU
		{33BEB7A6-CCB6-4E93-B41E-4FAE5FD450EE}.Release|Any CPU.Build.0 = Release|Any CPU
		{5866626E-2EFD-485A-A762-48DF0CDE8DA4}.Arrendadora|Any CPU.ActiveCfg = Arrendadora|Any CPU
		{5866626E-2EFD-485A-A762-48DF0CDE8DA4}.Arrendadora|Any CPU.Build.0 = Arrendadora|Any CPU
		{5866626E-2EFD-485A-A762-48DF0CDE8DA4}.Construplan|Any CPU.ActiveCfg = Construplan|Any CPU
		{5866626E-2EFD-485A-A762-48DF0CDE8DA4}.Construplan|Any CPU.Build.0 = Construplan|Any CPU
		{5866626E-2EFD-485A-A762-48DF0CDE8DA4}.Debug|Any CPU.ActiveCfg = Debug|Any CPU
		{5866626E-2EFD-485A-A762-48DF0CDE8DA4}.Debug|Any CPU.Build.0 = Debug|Any CPU
		{5866626E-2EFD-485A-A762-48DF0CDE8DA4}.Release|Any CPU.ActiveCfg = Release|Any CPU
		{5866626E-2EFD-485A-A762-48DF0CDE8DA4}.Release|Any CPU.Build.0 = Release|Any CPU
		{A02BEFFA-4B56-4EEE-9DC9-EDB686986F20}.Arrendadora|Any CPU.ActiveCfg = Arrendadora|Any CPU
		{A02BEFFA-4B56-4EEE-9DC9-EDB686986F20}.Arrendadora|Any CPU.Build.0 = Arrendadora|Any CPU
		{A02BEFFA-4B56-4EEE-9DC9-EDB686986F20}.Construplan|Any CPU.ActiveCfg = Construplan|Any CPU
		{A02BEFFA-4B56-4EEE-9DC9-EDB686986F20}.Construplan|Any CPU.Build.0 = Construplan|Any CPU
		{A02BEFFA-4B56-4EEE-9DC9-EDB686986F20}.Debug|Any CPU.ActiveCfg = Debug|Any CPU
		{A02BEFFA-4B56-4EEE-9DC9-EDB686986F20}.Debug|Any CPU.Build.0 = Debug|Any CPU
		{A02BEFFA-4B56-4EEE-9DC9-EDB686986F20}.Release|Any CPU.ActiveCfg = Release|Any CPU
		{A02BEFFA-4B56-4EEE-9DC9-EDB686986F20}.Release|Any CPU.Build.0 = Release|Any CPU
		{97FFDABE-C3FF-4058-80DF-9536F6F38B96}.Arrendadora|Any CPU.ActiveCfg = Arrendadora|Any CPU
		{97FFDABE-C3FF-4058-80DF-9536F6F38B96}.Arrendadora|Any CPU.Build.0 = Arrendadora|Any CPU
		{97FFDABE-C3FF-4058-80DF-9536F6F38B96}.Construplan|Any CPU.ActiveCfg = Construplan|Any CPU
		{97FFDABE-C3FF-4058-80DF-9536F6F38B96}.Construplan|Any CPU.Build.0 = Construplan|Any CPU
		{97FFDABE-C3FF-4058-80DF-9536F6F38B96}.Debug|Any CPU.ActiveCfg = Debug|Any CPU
		{97FFDABE-C3FF-4058-80DF-9536F6F38B96}.Debug|Any CPU.Build.0 = Debug|Any CPU
		{97FFDABE-C3FF-4058-80DF-9536F6F38B96}.Release|Any CPU.ActiveCfg = Release|Any CPU
		{97FFDABE-C3FF-4058-80DF-9536F6F38B96}.Release|Any CPU.Build.0 = Release|Any CPU
		{777B96DF-5CA5-4743-9A79-B417C55340C2}.Arrendadora|Any CPU.ActiveCfg = Arrendadora|Any CPU
		{777B96DF-5CA5-4743-9A79-B417C55340C2}.Arrendadora|Any CPU.Build.0 = Arrendadora|Any CPU
		{777B96DF-5CA5-4743-9A79-B417C55340C2}.Construplan|Any CPU.ActiveCfg = Construplan|Any CPU
		{777B96DF-5CA5-4743-9A79-B417C55340C2}.Construplan|Any CPU.Build.0 = Construplan|Any CPU
		{777B96DF-5CA5-4743-9A79-B417C55340C2}.Debug|Any CPU.ActiveCfg = Debug|Any CPU
		{777B96DF-5CA5-4743-9A79-B417C55340C2}.Debug|Any CPU.Build.0 = Debug|Any CPU
		{777B96DF-5CA5-4743-9A79-B417C55340C2}.Release|Any CPU.ActiveCfg = Release|Any CPU
		{777B96DF-5CA5-4743-9A79-B417C55340C2}.Release|Any CPU.Build.0 = Release|Any CPU
	EndGlobalSection
	GlobalSection(SolutionProperties) = preSolution
		HideSolutionNode = FALSE
	EndGlobalSection
EndGlobal
