
Microsoft Visual Studio Solution File, Format Version 12.00
# Visual Studio Version 16
VisualStudioVersion = 16.0.31205.134
MinimumVisualStudioVersion = 10.0.40219.1
Project("{FAE04EC0-301F-11D3-BF4B-00C04F79EFBC}") = "MvcWebFarmSearch", "WebFarmSearch\MvcWebFarmSearch.csproj", "{EFF3BAFF-4C83-4C9E-873C-6FE2CA720260}"
EndProject
Global
	GlobalSection(SolutionConfigurationPlatforms) = preSolution
		Debug|Any CPU = Debug|Any CPU
		Release|Any CPU = Release|Any CPU
	EndGlobalSection
	GlobalSection(ProjectConfigurationPlatforms) = postSolution
		{EFF3BAFF-4C83-4C9E-873C-6FE2CA720260}.Debug|Any CPU.ActiveCfg = Debug|Any CPU
		{EFF3BAFF-4C83-4C9E-873C-6FE2CA720260}.Debug|Any CPU.Build.0 = Debug|Any CPU
		{EFF3BAFF-4C83-4C9E-873C-6FE2CA720260}.Release|Any CPU.ActiveCfg = Release|Any CPU
		{EFF3BAFF-4C83-4C9E-873C-6FE2CA720260}.Release|Any CPU.Build.0 = Release|Any CPU
	EndGlobalSection
	GlobalSection(SolutionProperties) = preSolution
		HideSolutionNode = FALSE
	EndGlobalSection
	GlobalSection(ExtensibilityGlobals) = postSolution
		SolutionGuid = {C492E105-3DC1-45F2-8EEB-E73118FBB85C}
	EndGlobalSection
EndGlobal
