
Microsoft Visual Studio Solution File, Format Version 12.00
# Visual Studio Version 16
VisualStudioVersion = 16.0.29509.3
MinimumVisualStudioVersion = 10.0.40219.1
Project("{9A19103F-16F7-4668-BE54-9A1E7A4F7556}") = "Doconut.Docker", "Doconut.Docker.Core\Doconut.Docker.csproj", "{7DF5B8DE-C4DC-4479-9BD2-F5C561287912}"
EndProject
Global
	GlobalSection(SolutionConfigurationPlatforms) = preSolution
		Debug|Any CPU = Debug|Any CPU
		Release|Any CPU = Release|Any CPU
	EndGlobalSection
	GlobalSection(ProjectConfigurationPlatforms) = postSolution
		{7DF5B8DE-C4DC-4479-9BD2-F5C561287912}.Debug|Any CPU.ActiveCfg = Debug|Any CPU
		{7DF5B8DE-C4DC-4479-9BD2-F5C561287912}.Debug|Any CPU.Build.0 = Debug|Any CPU
		{7DF5B8DE-C4DC-4479-9BD2-F5C561287912}.Release|Any CPU.ActiveCfg = Release|Any CPU
		{7DF5B8DE-C4DC-4479-9BD2-F5C561287912}.Release|Any CPU.Build.0 = Release|Any CPU
	EndGlobalSection
	GlobalSection(SolutionProperties) = preSolution
		HideSolutionNode = FALSE
	EndGlobalSection
	GlobalSection(ExtensibilityGlobals) = postSolution
		SolutionGuid = {EDC5AD29-33C7-49EF-A4EC-651E954CBD06}
	EndGlobalSection
EndGlobal
