
Microsoft Visual Studio Solution File, Format Version 12.00
# Visual Studio Version 16
VisualStudioVersion = 16.0.31205.134
MinimumVisualStudioVersion = 10.0.40219.1
Project("{9A19103F-16F7-4668-BE54-9A1E7A4F7556}") = "Doconut.Mvc.Core", "Doconut.Mvc.Core\Doconut.Mvc.Core.csproj", "{BB0C68D8-A03D-4B26-93E0-303412184082}"
EndProject
Project("{9A19103F-16F7-4668-BE54-9A1E7A4F7556}") = "Doconut.Annotation.Core", "Doconut.Annotation.Core\Doconut.Annotation.Core.csproj", "{1B4855FC-D210-4444-8DCB-5F635FE94CB8}"
EndProject
Project("{9A19103F-16F7-4668-BE54-9A1E7A4F7556}") = "Doconut.Ocr.Search.Core", "Doconut.Ocr.Search.Core\Doconut.Ocr.Search.Core.csproj", "{545FA1D0-0102-4EBA-B16B-A5BE2B0A8B6F}"
EndProject
Project("{9A19103F-16F7-4668-BE54-9A1E7A4F7556}") = "Doconut.Pdf.Search.Core", "Doconut.Pdf.Search.Core\Doconut.Pdf.Search.Core.csproj", "{36873442-86D2-42D1-A7FD-EA9804128A51}"
EndProject
Global
	GlobalSection(SolutionConfigurationPlatforms) = preSolution
		Debug|Any CPU = Debug|Any CPU
		Release|Any CPU = Release|Any CPU
	EndGlobalSection
	GlobalSection(ProjectConfigurationPlatforms) = postSolution
		{BB0C68D8-A03D-4B26-93E0-303412184082}.Debug|Any CPU.ActiveCfg = Debug|Any CPU
		{BB0C68D8-A03D-4B26-93E0-303412184082}.Debug|Any CPU.Build.0 = Debug|Any CPU
		{BB0C68D8-A03D-4B26-93E0-303412184082}.Release|Any CPU.ActiveCfg = Release|Any CPU
		{BB0C68D8-A03D-4B26-93E0-303412184082}.Release|Any CPU.Build.0 = Release|Any CPU
		{1B4855FC-D210-4444-8DCB-5F635FE94CB8}.Debug|Any CPU.ActiveCfg = Debug|Any CPU
		{1B4855FC-D210-4444-8DCB-5F635FE94CB8}.Debug|Any CPU.Build.0 = Debug|Any CPU
		{1B4855FC-D210-4444-8DCB-5F635FE94CB8}.Release|Any CPU.ActiveCfg = Release|Any CPU
		{1B4855FC-D210-4444-8DCB-5F635FE94CB8}.Release|Any CPU.Build.0 = Release|Any CPU
		{545FA1D0-0102-4EBA-B16B-A5BE2B0A8B6F}.Debug|Any CPU.ActiveCfg = Debug|Any CPU
		{545FA1D0-0102-4EBA-B16B-A5BE2B0A8B6F}.Debug|Any CPU.Build.0 = Debug|Any CPU
		{545FA1D0-0102-4EBA-B16B-A5BE2B0A8B6F}.Release|Any CPU.ActiveCfg = Release|Any CPU
		{545FA1D0-0102-4EBA-B16B-A5BE2B0A8B6F}.Release|Any CPU.Build.0 = Release|Any CPU
		{36873442-86D2-42D1-A7FD-EA9804128A51}.Debug|Any CPU.ActiveCfg = Debug|Any CPU
		{36873442-86D2-42D1-A7FD-EA9804128A51}.Debug|Any CPU.Build.0 = Debug|Any CPU
		{36873442-86D2-42D1-A7FD-EA9804128A51}.Release|Any CPU.ActiveCfg = Release|Any CPU
		{36873442-86D2-42D1-A7FD-EA9804128A51}.Release|Any CPU.Build.0 = Release|Any CPU
	EndGlobalSection
	GlobalSection(SolutionProperties) = preSolution
		HideSolutionNode = FALSE
	EndGlobalSection
	GlobalSection(ExtensibilityGlobals) = postSolution
		SolutionGuid = {BB4F242D-53CF-4E4B-A464-BC0D63CDF758}
	EndGlobalSection
EndGlobal
