
Microsoft Visual Studio Solution File, Format Version 12.00
# Visual Studio 15
VisualStudioVersion = 15.0.27703.2000
MinimumVisualStudioVersion = 10.0.40219.1
Project("{FAE04EC0-301F-11D3-BF4B-00C04F79EFBC}") = "DoconutAnnotaionMVC", "WebFarmAnnDoconutViewer\DoconutWebFarmAnnotaionMVC.csproj", "{EFF3BAFF-4C83-4C9E-873C-6FE2CA720260}"
EndProject
Global
	GlobalSection(SolutionConfigurationPlatforms) = preSolution
		Debug|Any CPU = Debug|Any CPU
		Release|Any CPU = Release|Any CPU
	EndGlobalSection
	GlobalSection(ProjectConfigurationPlatforms) = postSolution
		{EFF3BAFF-4C83-4C9E-873C-6FE2CA720260}.Debug|Any CPU.ActiveCfg = Debug|Any CPU
		{EFF3BAFF-4C83-4C9E-873C-6FE2CA720260}.Debug|Any CPU.Build.0 = Debug|Any CPU
		{EFF3BAFF-4C83-4C9E-873C-6FE2CA720260}.Release|Any CPU.ActiveCfg = Release|Any CPU
		{EFF3BAFF-4C83-4C9E-873C-6FE2CA720260}.Release|Any CPU.Build.0 = Release|Any CPU
	EndGlobalSection
	GlobalSection(SolutionProperties) = preSolution
		HideSolutionNode = FALSE
	EndGlobalSection
	GlobalSection(ExtensibilityGlobals) = postSolution
		SolutionGuid = {8D40D3A5-F0C0-48E0-B930-871D03899286}
	EndGlobalSection
EndGlobal
